
Microsoft Visual Studio Solution File, Format Version 12.00
# Visual Studio Version 16
VisualStudioVersion = 16.0.31515.178
MinimumVisualStudioVersion = 10.0.40219.1
Project("{FAE04EC0-301F-11D3-BF4B-00C04F79EFBC}") = "WebApplication1", "WebApplication1\WebApplication1.csproj", "{C2631591-D153-4FCE-B409-F1755A21909D}"
EndProject
Global
	GlobalSection(SolutionConfigurationPlatforms) = preSolution
		Debug|Any CPU = Debug|Any CPU
		Release|Any CPU = Release|Any CPU
	EndGlobalSection
	GlobalSection(ProjectConfigurationPlatforms) = postSolution
		{C2631591-D153-4FCE-B409-F1755A21909D}.Debug|Any CPU.ActiveCfg = Debug|Any CPU
		{C2631591-D153-4FCE-B409-F1755A21909D}.Debug|Any CPU.Build.0 = Debug|Any CPU
		{C2631591-D153-4FCE-B409-F1755A21909D}.Release|Any CPU.ActiveCfg = Release|Any CPU
		{C2631591-D153-4FCE-B409-F1755A21909D}.Release|Any CPU.Build.0 = Release|Any CPU
	EndGlobalSection
	GlobalSection(SolutionProperties) = preSolution
		HideSolutionNode = FALSE
	EndGlobalSection
	GlobalSection(ExtensibilityGlobals) = postSolution
		SolutionGuid = {23F94E21-5CD4-4F1B-867C-81E43BB39A00}
	EndGlobalSection
EndGlobal
